
Microsoft Visual Studio Solution File, Format Version 12.00
# Visual Studio 14
VisualStudioVersion = 14.0.23107.0
MinimumVisualStudioVersion = 10.0.40219.1
Project("{FAE04EC0-301F-11D3-BF4B-00C04F79EFBC}") = "VK coin", "VK coin\VK coin.csproj", "{28A5FEC9-6D8E-421F-9EB8-5D484FAE4825}"
EndProject
Global
	GlobalSection(SolutionConfigurationPlatforms) = preSolution
		Debug|Any CPU = Debug|Any CPU
		Release|Any CPU = Release|Any CPU
	EndGlobalSection
	GlobalSection(ProjectConfigurationPlatforms) = postSolution
		{28A5FEC9-6D8E-421F-9EB8-5D484FAE4825}.Debug|Any CPU.ActiveCfg = Debug|Any CPU
		{28A5FEC9-6D8E-421F-9EB8-5D484FAE4825}.Debug|Any CPU.Build.0 = Debug|Any CPU
		{28A5FEC9-6D8E-421F-9EB8-5D484FAE4825}.Release|Any CPU.ActiveCfg = Release|Any CPU
		{28A5FEC9-6D8E-421F-9EB8-5D484FAE4825}.Release|Any CPU.Build.0 = Release|Any CPU
	EndGlobalSection
	GlobalSection(SolutionProperties) = preSolution
		HideSolutionNode = FALSE
	EndGlobalSection
EndGlobal
